
Microsoft Visual Studio Solution File, Format Version 12.00
# Visual Studio 14
VisualStudioVersion = 14.0.25420.1
MinimumVisualStudioVersion = 10.0.40219.1
Project("{FAE04EC0-301F-11D3-BF4B-00C04F79EFBC}") = "WixEdit", "WixEdit.csproj", "{34D47764-B2F0-4BB6-BD84-C47DD3DCA20F}"
EndProject
Project("{2150E333-8FDC-42A3-9474-1A3956D46DE8}") = "Solution Items", "Solution Items", "{6ECAF58F-5D73-49FC-93EE-D1F6687BB97A}"
	ProjectSection(SolutionItems) = preProject
		.gitignore = .gitignore
		appveyor.yml = appveyor.yml
		HISTORY.md = HISTORY.md
		README.md = README.md
	EndProjectSection
EndProject
Project("{2150E333-8FDC-42A3-9474-1A3956D46DE8}") = "installer", "installer", "{7F35C77A-8939-4889-8A19-94FCB1127222}"
	ProjectSection(SolutionItems) = preProject
		installer\Dialogs.wxi = installer\Dialogs.wxi
		installer\license.rtf = installer\license.rtf
		installer\WixEdit Homepage.url = installer\WixEdit Homepage.url
		installer\WixEdit.wxs = installer\WixEdit.wxs
	EndProjectSection
EndProject
Project("{2150E333-8FDC-42A3-9474-1A3956D46DE8}") = "Binary", "Binary", "{C6787DC3-CDA5-41E8-A048-7658A7AA6461}"
	ProjectSection(SolutionItems) = preProject
		installer\Binary\bannrbmp.bmp = installer\Binary\bannrbmp.bmp
		installer\Binary\completi.ico = installer\Binary\completi.ico
		installer\Binary\custicon.ico = installer\Binary\custicon.ico
		installer\Binary\dlgbmp.bmp = installer\Binary\dlgbmp.bmp
		installer\Binary\exclamic.ico = installer\Binary\exclamic.ico
		installer\Binary\info.ico = installer\Binary\info.ico
		installer\Binary\insticon.ico = installer\Binary\insticon.ico
		installer\Binary\New.ico = installer\Binary\New.ico
		installer\Binary\removico.ico = installer\Binary\removico.ico
		installer\Binary\repairic.ico = installer\Binary\repairic.ico
		installer\Binary\Up.ico = installer\Binary\Up.ico
	EndProjectSection
EndProject
Project("{FAE04EC0-301F-11D3-BF4B-00C04F79EFBC}") = "Test", "Test\Test.csproj", "{0B2449F2-3BB2-4A37-B36B-CE4D67C410D5}"
EndProject
Global
	GlobalSection(SolutionConfigurationPlatforms) = preSolution
		Debug|Any CPU = Debug|Any CPU
		Release|Any CPU = Release|Any CPU
	EndGlobalSection
	GlobalSection(ProjectConfigurationPlatforms) = postSolution
		{34D47764-B2F0-4BB6-BD84-C47DD3DCA20F}.Debug|Any CPU.ActiveCfg = Debug|Any CPU
		{34D47764-B2F0-4BB6-BD84-C47DD3DCA20F}.Debug|Any CPU.Build.0 = Debug|Any CPU
		{34D47764-B2F0-4BB6-BD84-C47DD3DCA20F}.Release|Any CPU.ActiveCfg = Release|Any CPU
		{34D47764-B2F0-4BB6-BD84-C47DD3DCA20F}.Release|Any CPU.Build.0 = Release|Any CPU
		{0B2449F2-3BB2-4A37-B36B-CE4D67C410D5}.Debug|Any CPU.ActiveCfg = Debug|Any CPU
		{0B2449F2-3BB2-4A37-B36B-CE4D67C410D5}.Debug|Any CPU.Build.0 = Debug|Any CPU
		{0B2449F2-3BB2-4A37-B36B-CE4D67C410D5}.Release|Any CPU.ActiveCfg = Release|Any CPU
		{0B2449F2-3BB2-4A37-B36B-CE4D67C410D5}.Release|Any CPU.Build.0 = Release|Any CPU
	EndGlobalSection
	GlobalSection(SolutionProperties) = preSolution
		HideSolutionNode = FALSE
	EndGlobalSection
	GlobalSection(NestedProjects) = preSolution
		{7F35C77A-8939-4889-8A19-94FCB1127222} = {6ECAF58F-5D73-49FC-93EE-D1F6687BB97A}
		{C6787DC3-CDA5-41E8-A048-7658A7AA6461} = {7F35C77A-8939-4889-8A19-94FCB1127222}
	EndGlobalSection
EndGlobal
